
Microsoft Visual Studio Solution File, Format Version 12.00
# Visual Studio Version 17
VisualStudioVersion = 17.6.33801.468
MinimumVisualStudioVersion = 10.0.40219.1
Project("{FAE04EC0-301F-11D3-BF4B-00C04F79EFBC}") = "UserManager", "UserManager\UserManager.csproj", "{1119538F-216C-4D93-86AF-A83137563F41}"
EndProject
Project("{FAE04EC0-301F-11D3-BF4B-00C04F79EFBC}") = "UserManager.DTO", "UserManager.DTO\UserManager.DTO.csproj", "{43B816B4-31E1-4D0E-9036-E08B7B4EDFDA}"
EndProject
Project("{FAE04EC0-301F-11D3-BF4B-00C04F79EFBC}") = "UserManager.BLL", "UserManager.BLL\UserManager.BLL.csproj", "{5817AA7B-C4CD-4F07-BFC6-2DBAC8E83FD3}"
EndProject
Global
	GlobalSection(SolutionConfigurationPlatforms) = preSolution
		Debug|Any CPU = Debug|Any CPU
		Release|Any CPU = Release|Any CPU
	EndGlobalSection
	GlobalSection(ProjectConfigurationPlatforms) = postSolution
		{1119538F-216C-4D93-86AF-A83137563F41}.Debug|Any CPU.ActiveCfg = Debug|Any CPU
		{1119538F-216C-4D93-86AF-A83137563F41}.Debug|Any CPU.Build.0 = Debug|Any CPU
		{1119538F-216C-4D93-86AF-A83137563F41}.Release|Any CPU.ActiveCfg = Release|Any CPU
		{1119538F-216C-4D93-86AF-A83137563F41}.Release|Any CPU.Build.0 = Release|Any CPU
		{43B816B4-31E1-4D0E-9036-E08B7B4EDFDA}.Debug|Any CPU.ActiveCfg = Debug|Any CPU
		{43B816B4-31E1-4D0E-9036-E08B7B4EDFDA}.Debug|Any CPU.Build.0 = Debug|Any CPU
		{43B816B4-31E1-4D0E-9036-E08B7B4EDFDA}.Release|Any CPU.ActiveCfg = Release|Any CPU
		{43B816B4-31E1-4D0E-9036-E08B7B4EDFDA}.Release|Any CPU.Build.0 = Release|Any CPU
		{5817AA7B-C4CD-4F07-BFC6-2DBAC8E83FD3}.Debug|Any CPU.ActiveCfg = Debug|Any CPU
		{5817AA7B-C4CD-4F07-BFC6-2DBAC8E83FD3}.Debug|Any CPU.Build.0 = Debug|Any CPU
		{5817AA7B-C4CD-4F07-BFC6-2DBAC8E83FD3}.Release|Any CPU.ActiveCfg = Release|Any CPU
		{5817AA7B-C4CD-4F07-BFC6-2DBAC8E83FD3}.Release|Any CPU.Build.0 = Release|Any CPU
	EndGlobalSection
	GlobalSection(SolutionProperties) = preSolution
		HideSolutionNode = FALSE
	EndGlobalSection
	GlobalSection(ExtensibilityGlobals) = postSolution
		SolutionGuid = {764DCD93-7619-40EE-8B92-8DB8439271D1}
	EndGlobalSection
EndGlobal
